PODS:
  - YYImage (1.0.4):
    - YYImage/Core (= 1.0.4)
  - YYImage/Core (1.0.4)

DEPENDENCIES:
  - YYImage

SPEC REPOS:
  https://github.com/cocoapods/specs.git:
    - YYImage

SPEC CHECKSUMS:
  YYImage: 1e1b62a9997399593e4b9c4ecfbbabbf1d3f3b54

PODFILE CHECKSUM: 3b4b9f73770061cac8713692536629754899b09d

COCOAPODS: 1.5.3
